
Microsoft Visual Studio Solution File, Format Version 12.00
# Visual Studio Version 16
VisualStudioVersion = 16.0.34902.97
MinimumVisualStudioVersion = 10.0.40219.1
Project("{FAE04EC0-301F-11D3-BF4B-00C04F79EFBC}") = "Sudoku", "Sudoku.csproj", "{60B4FCF7-E7D4-4FB9-910A-10825E4F6DAF}"
EndProject
Global
	GlobalSection(SolutionConfigurationPlatforms) = preSolution
		Debug|Any CPU = Debug|Any CPU
		Release|Any CPU = Release|Any CPU
	EndGlobalSection
	GlobalSection(ProjectConfigurationPlatforms) = postSolution
		{60B4FCF7-E7D4-4FB9-910A-10825E4F6DAF}.Debug|Any CPU.ActiveCfg = Debug|Any CPU
		{60B4FCF7-E7D4-4FB9-910A-10825E4F6DAF}.Debug|Any CPU.Build.0 = Debug|Any CPU
		{60B4FCF7-E7D4-4FB9-910A-10825E4F6DAF}.Release|Any CPU.ActiveCfg = Release|Any CPU
		{60B4FCF7-E7D4-4FB9-910A-10825E4F6DAF}.Release|Any CPU.Build.0 = Release|Any CPU
	EndGlobalSection
	GlobalSection(SolutionProperties) = preSolution
		HideSolutionNode = FALSE
	EndGlobalSection
	GlobalSection(ExtensibilityGlobals) = postSolution
		SolutionGuid = {38D173DC-7343-4B1E-A1DD-70E772A3A099}
	EndGlobalSection
EndGlobal
